
Microsoft Visual Studio Solution File, Format Version 12.00
# Visual Studio Version 16
VisualStudioVersion = 16.0.32002.261
MinimumVisualStudioVersion = 10.0.40219.1
Project("{9A19103F-16F7-4668-BE54-9A1E7A4F7556}") = "PMAPortal.Web", "PMAPortal.Web\PMAPortal.Web.csproj", "{8DCD1F77-60A7-42A2-A710-A949AC3D06B9}"
EndProject
Global
	GlobalSection(SolutionConfigurationPlatforms) = preSolution
		Debug|Any CPU = Debug|Any CPU
		Release|Any CPU = Release|Any CPU
	EndGlobalSection
	GlobalSection(ProjectConfigurationPlatforms) = postSolution
		{8DCD1F77-60A7-42A2-A710-A949AC3D06B9}.Debug|Any CPU.ActiveCfg = Debug|Any CPU
		{8DCD1F77-60A7-42A2-A710-A949AC3D06B9}.Debug|Any CPU.Build.0 = Debug|Any CPU
		{8DCD1F77-60A7-42A2-A710-A949AC3D06B9}.Release|Any CPU.ActiveCfg = Release|Any CPU
		{8DCD1F77-60A7-42A2-A710-A949AC3D06B9}.Release|Any CPU.Build.0 = Release|Any CPU
	EndGlobalSection
	GlobalSection(SolutionProperties) = preSolution
		HideSolutionNode = FALSE
	EndGlobalSection
	GlobalSection(ExtensibilityGlobals) = postSolution
		SolutionGuid = {66F7CB16-F88C-4351-BAB2-7D46582B8CC7}
	EndGlobalSection
EndGlobal
